
Microsoft Visual Studio Solution File, Format Version 12.00
# Visual Studio Version 17
VisualStudioVersion = 17.11.35327.3
MinimumVisualStudioVersion = 10.0.40219.1
Project("{9A19103F-16F7-4668-BE54-9A1E7A4F7556}") = "Crank-BenchmarkApp", "Crank-BenchmarkApp\Crank-BenchmarkApp.csproj", "{B944F5A6-FDCF-4415-A733-36C4DA190073}"
EndProject
Project("{2150E333-8FDC-42A3-9474-1A3956D46DE8}") = "Solution Items", "Solution Items", "{F7FEC7D1-853A-41B1-8567-99BB7B989217}"
	ProjectSection(SolutionItems) = preProject
		api.benchmarks.yml = api.benchmarks.yml
		azure-pipeline.yml = azure-pipeline.yml
	EndProjectSection
EndProject
Project("{FAE04EC0-301F-11D3-BF4B-00C04F79EFBC}") = "Crank-BenchmarkDotnet", "Crank-BenchmarkDotnet\Crank-BenchmarkDotnet.csproj", "{F82655B5-7463-4A46-92BC-21C65DD36AB2}"
EndProject
Global
	GlobalSection(SolutionConfigurationPlatforms) = preSolution
		Debug|Any CPU = Debug|Any CPU
		Release|Any CPU = Release|Any CPU
	EndGlobalSection
	GlobalSection(ProjectConfigurationPlatforms) = postSolution
		{B944F5A6-FDCF-4415-A733-36C4DA190073}.Debug|Any CPU.ActiveCfg = Debug|Any CPU
		{B944F5A6-FDCF-4415-A733-36C4DA190073}.Debug|Any CPU.Build.0 = Debug|Any CPU
		{B944F5A6-FDCF-4415-A733-36C4DA190073}.Release|Any CPU.ActiveCfg = Release|Any CPU
		{B944F5A6-FDCF-4415-A733-36C4DA190073}.Release|Any CPU.Build.0 = Release|Any CPU
		{F82655B5-7463-4A46-92BC-21C65DD36AB2}.Debug|Any CPU.ActiveCfg = Debug|Any CPU
		{F82655B5-7463-4A46-92BC-21C65DD36AB2}.Debug|Any CPU.Build.0 = Debug|Any CPU
		{F82655B5-7463-4A46-92BC-21C65DD36AB2}.Release|Any CPU.ActiveCfg = Release|Any CPU
		{F82655B5-7463-4A46-92BC-21C65DD36AB2}.Release|Any CPU.Build.0 = Release|Any CPU
	EndGlobalSection
	GlobalSection(SolutionProperties) = preSolution
		HideSolutionNode = FALSE
	EndGlobalSection
	GlobalSection(ExtensibilityGlobals) = postSolution
		SolutionGuid = {143A1928-BDBD-41F4-B643-09FD882361CB}
	EndGlobalSection
EndGlobal
